
Microsoft Visual Studio Solution File, Format Version 12.00
# Visual Studio Version 16
VisualStudioVersion = 16.0.31911.196
MinimumVisualStudioVersion = 10.0.40219.1
Project("{9A19103F-16F7-4668-BE54-9A1E7A4F7556}") = "Strategy", "Strategy\Strategy.csproj", "{A6B7B322-7301-40C7-AB56-9A3327D9ECE3}"
EndProject
Project("{9A19103F-16F7-4668-BE54-9A1E7A4F7556}") = "Repository", "Repository\Repository.csproj", "{C8357434-C3E7-4E7F-B443-D947B9D84C08}"
EndProject
Project("{9A19103F-16F7-4668-BE54-9A1E7A4F7556}") = "Observer", "Observer\Observer.csproj", "{ED7B48B0-69E6-4166-8F6C-8B9797A6E49F}"
EndProject
Project("{9A19103F-16F7-4668-BE54-9A1E7A4F7556}") = "Decorator", "Decorator\Decorator.csproj", "{6946CCC0-33D1-4CF2-B88C-7B3A59BE834C}"
EndProject
Project("{9A19103F-16F7-4668-BE54-9A1E7A4F7556}") = "Facade", "Facade\Facade.csproj", "{867A3181-94AE-462D-BC93-00DF93933AFD}"
EndProject
Project("{9A19103F-16F7-4668-BE54-9A1E7A4F7556}") = "Adapter", "Adapter\Adapter.csproj", "{B5291C5B-4BCB-445B-A807-0314F7200CBB}"
EndProject
Project("{FAE04EC0-301F-11D3-BF4B-00C04F79EFBC}") = "AbstractFactory", "AbstractFactory\AbstractFactory.csproj", "{B3FC49A1-9ADC-4341-97B8-FA8C49DF121F}"
EndProject
Global
	GlobalSection(SolutionConfigurationPlatforms) = preSolution
		Debug|Any CPU = Debug|Any CPU
		Release|Any CPU = Release|Any CPU
	EndGlobalSection
	GlobalSection(ProjectConfigurationPlatforms) = postSolution
		{A6B7B322-7301-40C7-AB56-9A3327D9ECE3}.Debug|Any CPU.ActiveCfg = Debug|Any CPU
		{A6B7B322-7301-40C7-AB56-9A3327D9ECE3}.Debug|Any CPU.Build.0 = Debug|Any CPU
		{A6B7B322-7301-40C7-AB56-9A3327D9ECE3}.Release|Any CPU.ActiveCfg = Release|Any CPU
		{A6B7B322-7301-40C7-AB56-9A3327D9ECE3}.Release|Any CPU.Build.0 = Release|Any CPU
		{C8357434-C3E7-4E7F-B443-D947B9D84C08}.Debug|Any CPU.ActiveCfg = Debug|Any CPU
		{C8357434-C3E7-4E7F-B443-D947B9D84C08}.Debug|Any CPU.Build.0 = Debug|Any CPU
		{C8357434-C3E7-4E7F-B443-D947B9D84C08}.Release|Any CPU.ActiveCfg = Release|Any CPU
		{C8357434-C3E7-4E7F-B443-D947B9D84C08}.Release|Any CPU.Build.0 = Release|Any CPU
		{ED7B48B0-69E6-4166-8F6C-8B9797A6E49F}.Debug|Any CPU.ActiveCfg = Debug|Any CPU
		{ED7B48B0-69E6-4166-8F6C-8B9797A6E49F}.Debug|Any CPU.Build.0 = Debug|Any CPU
		{ED7B48B0-69E6-4166-8F6C-8B9797A6E49F}.Release|Any CPU.ActiveCfg = Release|Any CPU
		{ED7B48B0-69E6-4166-8F6C-8B9797A6E49F}.Release|Any CPU.Build.0 = Release|Any CPU
		{6946CCC0-33D1-4CF2-B88C-7B3A59BE834C}.Debug|Any CPU.ActiveCfg = Debug|Any CPU
		{6946CCC0-33D1-4CF2-B88C-7B3A59BE834C}.Debug|Any CPU.Build.0 = Debug|Any CPU
		{6946CCC0-33D1-4CF2-B88C-7B3A59BE834C}.Release|Any CPU.ActiveCfg = Release|Any CPU
		{6946CCC0-33D1-4CF2-B88C-7B3A59BE834C}.Release|Any CPU.Build.0 = Release|Any CPU
		{867A3181-94AE-462D-BC93-00DF93933AFD}.Debug|Any CPU.ActiveCfg = Debug|Any CPU
		{867A3181-94AE-462D-BC93-00DF93933AFD}.Debug|Any CPU.Build.0 = Debug|Any CPU
		{867A3181-94AE-462D-BC93-00DF93933AFD}.Release|Any CPU.ActiveCfg = Release|Any CPU
		{867A3181-94AE-462D-BC93-00DF93933AFD}.Release|Any CPU.Build.0 = Release|Any CPU
		{B5291C5B-4BCB-445B-A807-0314F7200CBB}.Debug|Any CPU.ActiveCfg = Debug|Any CPU
		{B5291C5B-4BCB-445B-A807-0314F7200CBB}.Debug|Any CPU.Build.0 = Debug|Any CPU
		{B5291C5B-4BCB-445B-A807-0314F7200CBB}.Release|Any CPU.ActiveCfg = Release|Any CPU
		{B5291C5B-4BCB-445B-A807-0314F7200CBB}.Release|Any CPU.Build.0 = Release|Any CPU
		{B3FC49A1-9ADC-4341-97B8-FA8C49DF121F}.Debug|Any CPU.ActiveCfg = Debug|Any CPU
		{B3FC49A1-9ADC-4341-97B8-FA8C49DF121F}.Debug|Any CPU.Build.0 = Debug|Any CPU
		{B3FC49A1-9ADC-4341-97B8-FA8C49DF121F}.Release|Any CPU.ActiveCfg = Release|Any CPU
		{B3FC49A1-9ADC-4341-97B8-FA8C49DF121F}.Release|Any CPU.Build.0 = Release|Any CPU
	EndGlobalSection
	GlobalSection(SolutionProperties) = preSolution
		HideSolutionNode = FALSE
	EndGlobalSection
	GlobalSection(ExtensibilityGlobals) = postSolution
		SolutionGuid = {D8745184-3AF2-48A9-A163-2A4C97659C36}
	EndGlobalSection
EndGlobal
